// !$*UTF8*$!
{
	archiveVersion = 1;
	classes = {
	};
	objectVersion = 56;
	objects = {

/* Begin PBXBuildFile section */
		1B22D6892E4ED58000D80705 /* ClayAndFurTests.swift in Sources */ = {isa = PBXBuildFile; fileRef = 1B22D6882E4ED58000D80705 /* ClayAndFurTests.swift */; };
		1B22D6932E4ED58000D80705 /* ClayAndFurUITests.swift in Sources */ = {isa = PBXBuildFile; fileRef = 1B22D6922E4ED58000D80705 /* ClayAndFurUITests.swift */; };
		1B22D6952E4ED58000D80705 /* ClayAndFurUITestsLaunchTests.swift in Sources */ = {isa = PBXBuildFile; fileRef = 1B22D6942E4ED58000D80705 /* ClayAndFurUITestsLaunchTests.swift */; };
		1B22D6E32E4EE20A00D80705 /* Stage.swift in Sources */ = {isa = PBXBuildFile; fileRef = 1B22D6C72E4EE20A00D80705 /* Stage.swift */; };
		1B22D6E42E4EE20A00D80705 /* DashboardView.swift in Sources */ = {isa = PBXBuildFile; fileRef = 1B22D6C92E4EE20A00D80705 /* DashboardView.swift */; };
		1B22D6E52E4EE20A00D80705 /* FiringsListView.swift in Sources */ = {isa = PBXBuildFile; fileRef = 1B22D6CB2E4EE20A00D80705 /* FiringsListView.swift */; };
		1B22D6E62E4EE20A00D80705 /* GlazesListView.swift in Sources */ = {isa = PBXBuildFile; fileRef = 1B22D6CD2E4EE20A00D80705 /* GlazesListView.swift */; };
		1B22D6E72E4EE20A00D80705 /* AddPieceView.swift in Sources */ = {isa = PBXBuildFile; fileRef = 1B22D6CF2E4EE20A00D80705 /* AddPieceView.swift */; };
		1B22D6E82E4EE20A00D80705 /* AddStageEventView.swift in Sources */ = {isa = PBXBuildFile; fileRef = 1B22D6D02E4EE20A00D80705 /* AddStageEventView.swift */; };
		1B22D6E92E4EE20A00D80705 /* PieceDetailView.swift in Sources */ = {isa = PBXBuildFile; fileRef = 1B22D6D12E4EE20A00D80705 /* PieceDetailView.swift */; };
		1B22D6EA2E4EE20A00D80705 /* PiecesListView.swift in Sources */ = {isa = PBXBuildFile; fileRef = 1B22D6D22E4EE20A00D80705 /* PiecesListView.swift */; };
		1B22D6EB2E4EE20A00D80705 /* SettingsView.swift in Sources */ = {isa = PBXBuildFile; fileRef = 1B22D6D42E4EE20A00D80705 /* SettingsView.swift */; };
		1B22D6EC2E4EE20A00D80705 /* ClayBody.swift in Sources */ = {isa = PBXBuildFile; fileRef = 1B22D6D72E4EE20A00D80705 /* ClayBody.swift */; };
		1B22D6ED2E4EE20A00D80705 /* Firing.swift in Sources */ = {isa = PBXBuildFile; fileRef = 1B22D6D82E4EE20A00D80705 /* Firing.swift */; };
		1B22D6EE2E4EE20A00D80705 /* Glaze.swift in Sources */ = {isa = PBXBuildFile; fileRef = 1B22D6D92E4EE20A00D80705 /* Glaze.swift */; };
		1B22D6EF2E4EE20A00D80705 /* Media.swift in Sources */ = {isa = PBXBuildFile; fileRef = 1B22D6DA2E4EE20A00D80705 /* Media.swift */; };
		1B22D6F02E4EE20A00D80705 /* Piece.swift in Sources */ = {isa = PBXBuildFile; fileRef = 1B22D6DB2E4EE20A00D80705 /* Piece.swift */; };
		1B22D6F12E4EE20A00D80705 /* StageEvent.swift in Sources */ = {isa = PBXBuildFile; fileRef = 1B22D6DC2E4EE20A00D80705 /* StageEvent.swift */; };
		1B22D6F22E4EE20A00D80705 /* ClayAndFurApp.swift in Sources */ = {isa = PBXBuildFile; fileRef = 1B22D6DE2E4EE20A00D80705 /* ClayAndFurApp.swift */; };
		1B22D6F32E4EE20A00D80705 /* ContentView.swift in Sources */ = {isa = PBXBuildFile; fileRef = 1B22D6DF2E4EE20A00D80705 /* ContentView.swift */; };
		1B22D6F42E4EE20A00D80705 /* DataSeeder.swift in Sources */ = {isa = PBXBuildFile; fileRef = 1B22D6E12E4EE20A00D80705 /* DataSeeder.swift */; };
		1B22D7322E4EEB9600D80705 /* AddClayBodyView.swift in Sources */ = {isa = PBXBuildFile; fileRef = 1B22D72D2E4EEB9600D80705 /* AddClayBodyView.swift */; };
		1B22D7332E4EEB9600D80705 /* ClayBodiesListView.swift in Sources */ = {isa = PBXBuildFile; fileRef = 1B22D72E2E4EEB9600D80705 /* ClayBodiesListView.swift */; };
		1B22D7342E4EEB9600D80705 /* ClayBodyDetailView.swift in Sources */ = {isa = PBXBuildFile; fileRef = 1B22D72F2E4EEB9600D80705 /* ClayBodyDetailView.swift */; };
		1B22D7352E4EEB9600D80705 /* EditClayBodyView.swift in Sources */ = {isa = PBXBuildFile; fileRef = 1B22D7302E4EEB9600D80705 /* EditClayBodyView.swift */; };
		1B22D73B2E4EEDFC00D80705 /* AddGlazeView.swift in Sources */ = {isa = PBXBuildFile; fileRef = 1B22D7362E4EEDFC00D80705 /* AddGlazeView.swift */; };
		1B22D73C2E4EEDFC00D80705 /* EditGlazeView.swift in Sources */ = {isa = PBXBuildFile; fileRef = 1B22D7372E4EEDFC00D80705 /* EditGlazeView.swift */; };
		1B22D73D2E4EEDFC00D80705 /* GlazeDetailView.swift in Sources */ = {isa = PBXBuildFile; fileRef = 1B22D7382E4EEDFC00D80705 /* GlazeDetailView.swift */; };
		1B22D73E2E4EEDFC00D80705 /* GlazesListView.swift in Sources */ = {isa = PBXBuildFile; fileRef = 1B22D7392E4EEDFC00D80705 /* GlazesListView.swift */; };
		1B22D7402E4EEF4700D80705 /* PhotoManager.swift in Sources */ = {isa = PBXBuildFile; fileRef = 1B22D73F2E4EEF4700D80705 /* PhotoManager.swift */; };
		1B22D7432E4EEF5C00D80705 /* PhotoCaptureView.swift in Sources */ = {isa = PBXBuildFile; fileRef = 1B22D7412E4EEF5C00D80705 /* PhotoCaptureView.swift */; };
		1B22D7442E4EEF5C00D80705 /* PhotoGalleryView.swift in Sources */ = {isa = PBXBuildFile; fileRef = 1B22D7422E4EEF5C00D80705 /* PhotoGalleryView.swift */; };
		1B22D7492E4EF48A00D80705 /* Preview Assets.xcassets in Resources */ = {isa = PBXBuildFile; fileRef = 1B22D7472E4EF48A00D80705 /* Preview Assets.xcassets */; };
		1B22D74B2E4EF4B800D80705 /* Assets.xcassets in Resources */ = {isa = PBXBuildFile; fileRef = 1B22D74A2E4EF4B800D80705 /* Assets.xcassets */; };
		1BA3B90F2E4F0D7D008207FC /* StageEventDetailView.swift in Sources */ = {isa = PBXBuildFile; fileRef = 1BA3B90D2E4F0D7D008207FC /* StageEventDetailView.swift */; };
		1BA3B9102E4F0D7E008207FC /* EditStageEventView.swift in Sources */ = {isa = PBXBuildFile; fileRef = 1BA3B90E2E4F0D7D008207FC /* EditStageEventView.swift */; };
/* End PBXBuildFile section */

/* Begin PBXContainerItemProxy section */
		1B22D6852E4ED58000D80705 /* PBXContainerItemProxy */ = {
			isa = PBXContainerItemProxy;
			containerPortal = 1B22D66A2E4ED57F00D80705 /* Project object */;
			proxyType = 1;
			remoteGlobalIDString = 1B22D6712E4ED57F00D80705;
			remoteInfo = ClayAndFur;
		};
		1B22D68F2E4ED58000D80705 /* PBXContainerItemProxy */ = {
			isa = PBXContainerItemProxy;
			containerPortal = 1B22D66A2E4ED57F00D80705 /* Project object */;
			proxyType = 1;
			remoteGlobalIDString = 1B22D6712E4ED57F00D80705;
			remoteInfo = ClayAndFur;
		};
/* End PBXContainerItemProxy section */

/* Begin PBXFileReference section */
		1B22D6722E4ED57F00D80705 /* ClayAndFur.app */ = {isa = PBXFileReference; explicitFileType = wrapper.application; includeInIndex = 0; path = ClayAndFur.app; sourceTree = BUILT_PRODUCTS_DIR; };
		1B22D6842E4ED58000D80705 /* ClayAndFurTests.xctest */ = {isa = PBXFileReference; explicitFileType = wrapper.cfbundle; includeInIndex = 0; path = ClayAndFurTests.xctest; sourceTree = BUILT_PRODUCTS_DIR; };
		1B22D6882E4ED58000D80705 /* ClayAndFurTests.swift */ = {isa = PBXFileReference; lastKnownFileType = sourcecode.swift; path = ClayAndFurTests.swift; sourceTree = "<group>"; };
		1B22D68E2E4ED58000D80705 /* ClayAndFurUITests.xctest */ = {isa = PBXFileReference; explicitFileType = wrapper.cfbundle; includeInIndex = 0; path = ClayAndFurUITests.xctest; sourceTree = BUILT_PRODUCTS_DIR; };
		1B22D6922E4ED58000D80705 /* ClayAndFurUITests.swift */ = {isa = PBXFileReference; lastKnownFileType = sourcecode.swift; path = ClayAndFurUITests.swift; sourceTree = "<group>"; };
		1B22D6942E4ED58000D80705 /* ClayAndFurUITestsLaunchTests.swift */ = {isa = PBXFileReference; lastKnownFileType = sourcecode.swift; path = ClayAndFurUITestsLaunchTests.swift; sourceTree = "<group>"; };
		1B22D6C72E4EE20A00D80705 /* Stage.swift */ = {isa = PBXFileReference; fileEncoding = 4; lastKnownFileType = sourcecode.swift; path = Stage.swift; sourceTree = "<group>"; };
		1B22D6C92E4EE20A00D80705 /* DashboardView.swift */ = {isa = PBXFileReference; fileEncoding = 4; lastKnownFileType = sourcecode.swift; path = DashboardView.swift; sourceTree = "<group>"; };
		1B22D6CB2E4EE20A00D80705 /* FiringsListView.swift */ = {isa = PBXFileReference; fileEncoding = 4; lastKnownFileType = sourcecode.swift; path = FiringsListView.swift; sourceTree = "<group>"; };
		1B22D6CD2E4EE20A00D80705 /* GlazesListView.swift */ = {isa = PBXFileReference; fileEncoding = 4; lastKnownFileType = sourcecode.swift; path = GlazesListView.swift; sourceTree = "<group>"; };
		1B22D6CF2E4EE20A00D80705 /* AddPieceView.swift */ = {isa = PBXFileReference; fileEncoding = 4; lastKnownFileType = sourcecode.swift; path = AddPieceView.swift; sourceTree = "<group>"; };
		1B22D6D02E4EE20A00D80705 /* AddStageEventView.swift */ = {isa = PBXFileReference; fileEncoding = 4; lastKnownFileType = sourcecode.swift; path = AddStageEventView.swift; sourceTree = "<group>"; };
		1B22D6D12E4EE20A00D80705 /* PieceDetailView.swift */ = {isa = PBXFileReference; fileEncoding = 4; lastKnownFileType = sourcecode.swift; path = PieceDetailView.swift; sourceTree = "<group>"; };
		1B22D6D22E4EE20A00D80705 /* PiecesListView.swift */ = {isa = PBXFileReference; fileEncoding = 4; lastKnownFileType = sourcecode.swift; path = PiecesListView.swift; sourceTree = "<group>"; };
		1B22D6D42E4EE20A00D80705 /* SettingsView.swift */ = {isa = PBXFileReference; fileEncoding = 4; lastKnownFileType = sourcecode.swift; path = SettingsView.swift; sourceTree = "<group>"; };
		1B22D6D72E4EE20A00D80705 /* ClayBody.swift */ = {isa = PBXFileReference; fileEncoding = 4; lastKnownFileType = sourcecode.swift; path = ClayBody.swift; sourceTree = "<group>"; };
		1B22D6D82E4EE20A00D80705 /* Firing.swift */ = {isa = PBXFileReference; fileEncoding = 4; lastKnownFileType = sourcecode.swift; path = Firing.swift; sourceTree = "<group>"; };
		1B22D6D92E4EE20A00D80705 /* Glaze.swift */ = {isa = PBXFileReference; fileEncoding = 4; lastKnownFileType = sourcecode.swift; path = Glaze.swift; sourceTree = "<group>"; };
		1B22D6DA2E4EE20A00D80705 /* Media.swift */ = {isa = PBXFileReference; fileEncoding = 4; lastKnownFileType = sourcecode.swift; path = Media.swift; sourceTree = "<group>"; };
		1B22D6DB2E4EE20A00D80705 /* Piece.swift */ = {isa = PBXFileReference; fileEncoding = 4; lastKnownFileType = sourcecode.swift; path = Piece.swift; sourceTree = "<group>"; };
		1B22D6DC2E4EE20A00D80705 /* StageEvent.swift */ = {isa = PBXFileReference; fileEncoding = 4; lastKnownFileType = sourcecode.swift; path = StageEvent.swift; sourceTree = "<group>"; };
		1B22D6DE2E4EE20A00D80705 /* ClayAndFurApp.swift */ = {isa = PBXFileReference; fileEncoding = 4; lastKnownFileType = sourcecode.swift; path = ClayAndFurApp.swift; sourceTree = "<group>"; };
		1B22D6DF2E4EE20A00D80705 /* ContentView.swift */ = {isa = PBXFileReference; fileEncoding = 4; lastKnownFileType = sourcecode.swift; path = ContentView.swift; sourceTree = "<group>"; };
		1B22D6E12E4EE20A00D80705 /* DataSeeder.swift */ = {isa = PBXFileReference; fileEncoding = 4; lastKnownFileType = sourcecode.swift; path = DataSeeder.swift; sourceTree = "<group>"; };
		1B22D72D2E4EEB9600D80705 /* AddClayBodyView.swift */ = {isa = PBXFileReference; fileEncoding = 4; lastKnownFileType = sourcecode.swift; path = AddClayBodyView.swift; sourceTree = "<group>"; };
		1B22D72E2E4EEB9600D80705 /* ClayBodiesListView.swift */ = {isa = PBXFileReference; fileEncoding = 4; lastKnownFileType = sourcecode.swift; path = ClayBodiesListView.swift; sourceTree = "<group>"; };
		1B22D72F2E4EEB9600D80705 /* ClayBodyDetailView.swift */ = {isa = PBXFileReference; fileEncoding = 4; lastKnownFileType = sourcecode.swift; path = ClayBodyDetailView.swift; sourceTree = "<group>"; };
		1B22D7302E4EEB9600D80705 /* EditClayBodyView.swift */ = {isa = PBXFileReference; fileEncoding = 4; lastKnownFileType = sourcecode.swift; path = EditClayBodyView.swift; sourceTree = "<group>"; };
		1B22D7362E4EEDFC00D80705 /* AddGlazeView.swift */ = {isa = PBXFileReference; fileEncoding = 4; lastKnownFileType = sourcecode.swift; path = AddGlazeView.swift; sourceTree = "<group>"; };
		1B22D7372E4EEDFC00D80705 /* EditGlazeView.swift */ = {isa = PBXFileReference; fileEncoding = 4; lastKnownFileType = sourcecode.swift; path = EditGlazeView.swift; sourceTree = "<group>"; };
		1B22D7382E4EEDFC00D80705 /* GlazeDetailView.swift */ = {isa = PBXFileReference; fileEncoding = 4; lastKnownFileType = sourcecode.swift; path = GlazeDetailView.swift; sourceTree = "<group>"; };
		1B22D7392E4EEDFC00D80705 /* GlazesListView.swift */ = {isa = PBXFileReference; fileEncoding = 4; lastKnownFileType = sourcecode.swift; path = GlazesListView.swift; sourceTree = "<group>"; };
		1B22D73F2E4EEF4700D80705 /* PhotoManager.swift */ = {isa = PBXFileReference; fileEncoding = 4; lastKnownFileType = sourcecode.swift; path = PhotoManager.swift; sourceTree = "<group>"; };
		1B22D7412E4EEF5C00D80705 /* PhotoCaptureView.swift */ = {isa = PBXFileReference; fileEncoding = 4; lastKnownFileType = sourcecode.swift; path = PhotoCaptureView.swift; sourceTree = "<group>"; };
		1B22D7422E4EEF5C00D80705 /* PhotoGalleryView.swift */ = {isa = PBXFileReference; fileEncoding = 4; lastKnownFileType = sourcecode.swift; path = PhotoGalleryView.swift; sourceTree = "<group>"; };
		1B22D7472E4EF48A00D80705 /* Preview Assets.xcassets */ = {isa = PBXFileReference; lastKnownFileType = folder.assetcatalog; path = "Preview Assets.xcassets"; sourceTree = "<group>"; };
		1B22D74A2E4EF4B800D80705 /* Assets.xcassets */ = {isa = PBXFileReference; lastKnownFileType = folder.assetcatalog; path = Assets.xcassets; sourceTree = "<group>"; };
		1BA3B90D2E4F0D7D008207FC /* StageEventDetailView.swift */ = {isa = PBXFileReference; fileEncoding = 4; lastKnownFileType = sourcecode.swift; path = StageEventDetailView.swift; sourceTree = "<group>"; };
		1BA3B90E2E4F0D7D008207FC /* EditStageEventView.swift */ = {isa = PBXFileReference; fileEncoding = 4; lastKnownFileType = sourcecode.swift; path = EditStageEventView.swift; sourceTree = "<group>"; };
/* End PBXFileReference section */

/* Begin PBXFrameworksBuildPhase section */
		1B22D66F2E4ED57F00D80705 /* Frameworks */ = {
			isa = PBXFrameworksBuildPhase;
			buildActionMask = 2147483647;
			files = (
			);
			runOnlyForDeploymentPostprocessing = 0;
		};
		1B22D6812E4ED58000D80705 /* Frameworks */ = {
			isa = PBXFrameworksBuildPhase;
			buildActionMask = 2147483647;
			files = (
			);
			runOnlyForDeploymentPostprocessing = 0;
		};
		1B22D68B2E4ED58000D80705 /* Frameworks */ = {
			isa = PBXFrameworksBuildPhase;
			buildActionMask = 2147483647;
			files = (
			);
			runOnlyForDeploymentPostprocessing = 0;
		};
/* End PBXFrameworksBuildPhase section */

/* Begin PBXGroup section */
		1B22D6692E4ED57F00D80705 = {
			isa = PBXGroup;
			children = (
				1B22D6742E4ED57F00D80705 /* ClayAndFur */,
				1B22D6872E4ED58000D80705 /* ClayAndFurTests */,
				1B22D6912E4ED58000D80705 /* ClayAndFurUITests */,
				1B22D6732E4ED57F00D80705 /* Products */,
			);
			sourceTree = "<group>";
		};
		1B22D6732E4ED57F00D80705 /* Products */ = {
			isa = PBXGroup;
			children = (
				1B22D6722E4ED57F00D80705 /* ClayAndFur.app */,
				1B22D6842E4ED58000D80705 /* ClayAndFurTests.xctest */,
				1B22D68E2E4ED58000D80705 /* ClayAndFurUITests.xctest */,
			);
			name = Products;
			sourceTree = "<group>";
		};
		1B22D6742E4ED57F00D80705 /* ClayAndFur */ = {
			isa = PBXGroup;
			children = (
				1B22D74A2E4EF4B800D80705 /* Assets.xcassets */,
				1B22D7482E4EF48A00D80705 /* Preview Content */,
				1B22D6E02E4EE20A00D80705 /* App */,
				1B22D6DD2E4EE20A00D80705 /* Models */,
				1B22D6E22E4EE20A00D80705 /* Services */,
				1B22D6C82E4EE20A00D80705 /* Utilities */,
				1B22D6D62E4EE20A00D80705 /* Views */,
			);
			path = ClayAndFur;
			sourceTree = "<group>";
		};
		1B22D6872E4ED58000D80705 /* ClayAndFurTests */ = {
			isa = PBXGroup;
			children = (
				1B22D6882E4ED58000D80705 /* ClayAndFurTests.swift */,
			);
			path = ClayAndFurTests;
			sourceTree = "<group>";
		};
		1B22D6912E4ED58000D80705 /* ClayAndFurUITests */ = {
			isa = PBXGroup;
			children = (
				1B22D6922E4ED58000D80705 /* ClayAndFurUITests.swift */,
				1B22D6942E4ED58000D80705 /* ClayAndFurUITestsLaunchTests.swift */,
			);
			path = ClayAndFurUITests;
			sourceTree = "<group>";
		};
		1B22D6C82E4EE20A00D80705 /* Utilities */ = {
			isa = PBXGroup;
			children = (
				1B22D6C72E4EE20A00D80705 /* Stage.swift */,
			);
			path = Utilities;
			sourceTree = "<group>";
		};
		1B22D6CA2E4EE20A00D80705 /* Dashboard */ = {
			isa = PBXGroup;
			children = (
				1B22D6C92E4EE20A00D80705 /* DashboardView.swift */,
			);
			path = Dashboard;
			sourceTree = "<group>";
		};
		1B22D6CC2E4EE20A00D80705 /* Firings */ = {
			isa = PBXGroup;
			children = (
				1B22D6CB2E4EE20A00D80705 /* FiringsListView.swift */,
			);
			path = Firings;
			sourceTree = "<group>";
		};
		1B22D6CE2E4EE20A00D80705 /* Glazes */ = {
			isa = PBXGroup;
			children = (
				1B22D6CD2E4EE20A00D80705 /* GlazesListView.swift */,
			);
			path = Glazes;
			sourceTree = "<group>";
		};
		1B22D6D32E4EE20A00D80705 /* Pieces */ = {
			isa = PBXGroup;
			children = (
				1BA3B90E2E4F0D7D008207FC /* EditStageEventView.swift */,
				1BA3B90D2E4F0D7D008207FC /* StageEventDetailView.swift */,
				1B22D7412E4EEF5C00D80705 /* PhotoCaptureView.swift */,
				1B22D7422E4EEF5C00D80705 /* PhotoGalleryView.swift */,
				1B22D6CF2E4EE20A00D80705 /* AddPieceView.swift */,
				1B22D6D02E4EE20A00D80705 /* AddStageEventView.swift */,
				1B22D6D12E4EE20A00D80705 /* PieceDetailView.swift */,
				1B22D6D22E4EE20A00D80705 /* PiecesListView.swift */,
			);
			path = Pieces;
			sourceTree = "<group>";
		};
		1B22D6D52E4EE20A00D80705 /* Settings */ = {
			isa = PBXGroup;
			children = (
				1B22D6D42E4EE20A00D80705 /* SettingsView.swift */,
			);
			path = Settings;
			sourceTree = "<group>";
		};
		1B22D6D62E4EE20A00D80705 /* Views */ = {
			isa = PBXGroup;
			children = (
				1B22D73A2E4EEDFC00D80705 /* Glazes */,
				1B22D7312E4EEB9600D80705 /* ClayBodies */,
				1B22D6CA2E4EE20A00D80705 /* Dashboard */,
				1B22D6CC2E4EE20A00D80705 /* Firings */,
				1B22D6CE2E4EE20A00D80705 /* Glazes */,
				1B22D6D32E4EE20A00D80705 /* Pieces */,
				1B22D6D52E4EE20A00D80705 /* Settings */,
			);
			path = Views;
			sourceTree = "<group>";
		};
		1B22D6DD2E4EE20A00D80705 /* Models */ = {
			isa = PBXGroup;
			children = (
				1B22D6D72E4EE20A00D80705 /* ClayBody.swift */,
				1B22D6D82E4EE20A00D80705 /* Firing.swift */,
				1B22D6D92E4EE20A00D80705 /* Glaze.swift */,
				1B22D6DA2E4EE20A00D80705 /* Media.swift */,
				1B22D6DB2E4EE20A00D80705 /* Piece.swift */,
				1B22D6DC2E4EE20A00D80705 /* StageEvent.swift */,
			);
			path = Models;
			sourceTree = "<group>";
		};
		1B22D6E02E4EE20A00D80705 /* App */ = {
			isa = PBXGroup;
			children = (
				1B22D6DE2E4EE20A00D80705 /* ClayAndFurApp.swift */,
				1B22D6DF2E4EE20A00D80705 /* ContentView.swift */,
			);
			path = App;
			sourceTree = "<group>";
		};
		1B22D6E22E4EE20A00D80705 /* Services */ = {
			isa = PBXGroup;
			children = (
				1B22D73F2E4EEF4700D80705 /* PhotoManager.swift */,
				1B22D6E12E4EE20A00D80705 /* DataSeeder.swift */,
			);
			path = Services;
			sourceTree = "<group>";
		};
		1B22D7312E4EEB9600D80705 /* ClayBodies */ = {
			isa = PBXGroup;
			children = (
				1B22D72D2E4EEB9600D80705 /* AddClayBodyView.swift */,
				1B22D72E2E4EEB9600D80705 /* ClayBodiesListView.swift */,
				1B22D72F2E4EEB9600D80705 /* ClayBodyDetailView.swift */,
				1B22D7302E4EEB9600D80705 /* EditClayBodyView.swift */,
			);
			path = ClayBodies;
			sourceTree = "<group>";
		};
		1B22D73A2E4EEDFC00D80705 /* Glazes */ = {
			isa = PBXGroup;
			children = (
				1B22D7362E4EEDFC00D80705 /* AddGlazeView.swift */,
				1B22D7372E4EEDFC00D80705 /* EditGlazeView.swift */,
				1B22D7382E4EEDFC00D80705 /* GlazeDetailView.swift */,
				1B22D7392E4EEDFC00D80705 /* GlazesListView.swift */,
			);
			path = Glazes;
			sourceTree = "<group>";
		};
		1B22D7482E4EF48A00D80705 /* Preview Content */ = {
			isa = PBXGroup;
			children = (
				1B22D7472E4EF48A00D80705 /* Preview Assets.xcassets */,
			);
			path = "Preview Content";
			sourceTree = "<group>";
		};
/* End PBXGroup section */

/* Begin PBXNativeTarget section */
		1B22D6712E4ED57F00D80705 /* ClayAndFur */ = {
			isa = PBXNativeTarget;
			buildConfigurationList = 1B22D6982E4ED58000D80705 /* Build configuration list for PBXNativeTarget "ClayAndFur" */;
			buildPhases = (
				1B22D66E2E4ED57F00D80705 /* Sources */,
				1B22D66F2E4ED57F00D80705 /* Frameworks */,
				1B22D6702E4ED57F00D80705 /* Resources */,
			);
			buildRules = (
			);
			dependencies = (
			);
			name = ClayAndFur;
			productName = ClayAndFur;
			productReference = 1B22D6722E4ED57F00D80705 /* ClayAndFur.app */;
			productType = "com.apple.product-type.application";
		};
		1B22D6832E4ED58000D80705 /* ClayAndFurTests */ = {
			isa = PBXNativeTarget;
			buildConfigurationList = 1B22D69B2E4ED58000D80705 /* Build configuration list for PBXNativeTarget "ClayAndFurTests" */;
			buildPhases = (
				1B22D6802E4ED58000D80705 /* Sources */,
				1B22D6812E4ED58000D80705 /* Frameworks */,
				1B22D6822E4ED58000D80705 /* Resources */,
			);
			buildRules = (
			);
			dependencies = (
				1B22D6862E4ED58000D80705 /* PBXTargetDependency */,
			);
			name = ClayAndFurTests;
			productName = ClayAndFurTests;
			productReference = 1B22D6842E4ED58000D80705 /* ClayAndFurTests.xctest */;
			productType = "com.apple.product-type.bundle.unit-test";
		};
		1B22D68D2E4ED58000D80705 /* ClayAndFurUITests */ = {
			isa = PBXNativeTarget;
			buildConfigurationList = 1B22D69E2E4ED58000D80705 /* Build configuration list for PBXNativeTarget "ClayAndFurUITests" */;
			buildPhases = (
				1B22D68A2E4ED58000D80705 /* Sources */,
				1B22D68B2E4ED58000D80705 /* Frameworks */,
				1B22D68C2E4ED58000D80705 /* Resources */,
			);
			buildRules = (
			);
			dependencies = (
				1B22D6902E4ED58000D80705 /* PBXTargetDependency */,
			);
			name = ClayAndFurUITests;
			productName = ClayAndFurUITests;
			productReference = 1B22D68E2E4ED58000D80705 /* ClayAndFurUITests.xctest */;
			productType = "com.apple.product-type.bundle.ui-testing";
		};
/* End PBXNativeTarget section */

/* Begin PBXProject section */
		1B22D66A2E4ED57F00D80705 /* Project object */ = {
			isa = PBXProject;
			attributes = {
				BuildIndependentTargetsInParallel = 1;
				LastSwiftUpdateCheck = 1540;
				LastUpgradeCheck = 1540;
				TargetAttributes = {
					1B22D6712E4ED57F00D80705 = {
						CreatedOnToolsVersion = 15.4;
					};
					1B22D6832E4ED58000D80705 = {
						CreatedOnToolsVersion = 15.4;
						TestTargetID = 1B22D6712E4ED57F00D80705;
					};
					1B22D68D2E4ED58000D80705 = {
						CreatedOnToolsVersion = 15.4;
						TestTargetID = 1B22D6712E4ED57F00D80705;
					};
				};
			};
			buildConfigurationList = 1B22D66D2E4ED57F00D80705 /* Build configuration list for PBXProject "ClayAndFur" */;
			compatibilityVersion = "Xcode 14.0";
			developmentRegion = en;
			hasScannedForEncodings = 0;
			knownRegions = (
				en,
				Base,
			);
			mainGroup = 1B22D6692E4ED57F00D80705;
			productRefGroup = 1B22D6732E4ED57F00D80705 /* Products */;
			projectDirPath = "";
			projectRoot = "";
			targets = (
				1B22D6712E4ED57F00D80705 /* ClayAndFur */,
				1B22D6832E4ED58000D80705 /* ClayAndFurTests */,
				1B22D68D2E4ED58000D80705 /* ClayAndFurUITests */,
			);
		};
/* End PBXProject section */

/* Begin PBXResourcesBuildPhase section */
		1B22D6702E4ED57F00D80705 /* Resources */ = {
			isa = PBXResourcesBuildPhase;
			buildActionMask = 2147483647;
			files = (
				1B22D74B2E4EF4B800D80705 /* Assets.xcassets in Resources */,
				1B22D7492E4EF48A00D80705 /* Preview Assets.xcassets in Resources */,
			);
			runOnlyForDeploymentPostprocessing = 0;
		};
		1B22D6822E4ED58000D80705 /* Resources */ = {
			isa = PBXResourcesBuildPhase;
			buildActionMask = 2147483647;
			files = (
			);
			runOnlyForDeploymentPostprocessing = 0;
		};
		1B22D68C2E4ED58000D80705 /* Resources */ = {
			isa = PBXResourcesBuildPhase;
			buildActionMask = 2147483647;
			files = (
			);
			runOnlyForDeploymentPostprocessing = 0;
		};
/* End PBXResourcesBuildPhase section */

/* Begin PBXSourcesBuildPhase section */
		1B22D66E2E4ED57F00D80705 /* Sources */ = {
			isa = PBXSourcesBuildPhase;
			buildActionMask = 2147483647;
			files = (
				1B22D6E62E4EE20A00D80705 /* GlazesListView.swift in Sources */,
				1B22D7442E4EEF5C00D80705 /* PhotoGalleryView.swift in Sources */,
				1B22D6EE2E4EE20A00D80705 /* Glaze.swift in Sources */,
				1B22D7432E4EEF5C00D80705 /* PhotoCaptureView.swift in Sources */,
				1B22D73E2E4EEDFC00D80705 /* GlazesListView.swift in Sources */,
				1B22D6E32E4EE20A00D80705 /* Stage.swift in Sources */,
				1B22D6F42E4EE20A00D80705 /* DataSeeder.swift in Sources */,
				1B22D6F12E4EE20A00D80705 /* StageEvent.swift in Sources */,
				1B22D6E92E4EE20A00D80705 /* PieceDetailView.swift in Sources */,
				1B22D73D2E4EEDFC00D80705 /* GlazeDetailView.swift in Sources */,
				1B22D6ED2E4EE20A00D80705 /* Firing.swift in Sources */,
				1B22D7352E4EEB9600D80705 /* EditClayBodyView.swift in Sources */,
				1B22D73B2E4EEDFC00D80705 /* AddGlazeView.swift in Sources */,
				1B22D6EB2E4EE20A00D80705 /* SettingsView.swift in Sources */,
				1B22D6F32E4EE20A00D80705 /* ContentView.swift in Sources */,
				1BA3B9102E4F0D7E008207FC /* EditStageEventView.swift in Sources */,
				1BA3B90F2E4F0D7D008207FC /* StageEventDetailView.swift in Sources */,
				1B22D7332E4EEB9600D80705 /* ClayBodiesListView.swift in Sources */,
				1B22D6E82E4EE20A00D80705 /* AddStageEventView.swift in Sources */,
				1B22D6F22E4EE20A00D80705 /* ClayAndFurApp.swift in Sources */,
				1B22D6E52E4EE20A00D80705 /* FiringsListView.swift in Sources */,
				1B22D7322E4EEB9600D80705 /* AddClayBodyView.swift in Sources */,
				1B22D7342E4EEB9600D80705 /* ClayBodyDetailView.swift in Sources */,
				1B22D6F02E4EE20A00D80705 /* Piece.swift in Sources */,
				1B22D73C2E4EEDFC00D80705 /* EditGlazeView.swift in Sources */,
				1B22D7402E4EEF4700D80705 /* PhotoManager.swift in Sources */,
				1B22D6E42E4EE20A00D80705 /* DashboardView.swift in Sources */,
				1B22D6E72E4EE20A00D80705 /* AddPieceView.swift in Sources */,
				1B22D6EF2E4EE20A00D80705 /* Media.swift in Sources */,
				1B22D6EC2E4EE20A00D80705 /* ClayBody.swift in Sources */,
				1B22D6EA2E4EE20A00D80705 /* PiecesListView.swift in Sources */,
			);
			runOnlyForDeploymentPostprocessing = 0;
		};
		1B22D6802E4ED58000D80705 /* Sources */ = {
			isa = PBXSourcesBuildPhase;
			buildActionMask = 2147483647;
			files = (
				1B22D6892E4ED58000D80705 /* ClayAndFurTests.swift in Sources */,
			);
			runOnlyForDeploymentPostprocessing = 0;
		};
		1B22D68A2E4ED58000D80705 /* Sources */ = {
			isa = PBXSourcesBuildPhase;
			buildActionMask = 2147483647;
			files = (
				1B22D6932E4ED58000D80705 /* ClayAndFurUITests.swift in Sources */,
				1B22D6952E4ED58000D80705 /* ClayAndFurUITestsLaunchTests.swift in Sources */,
			);
			runOnlyForDeploymentPostprocessing = 0;
		};
/* End PBXSourcesBuildPhase section */

/* Begin PBXTargetDependency section */
		1B22D6862E4ED58000D80705 /* PBXTargetDependency */ = {
			isa = PBXTargetDependency;
			target = 1B22D6712E4ED57F00D80705 /* ClayAndFur */;
			targetProxy = 1B22D6852E4ED58000D80705 /* PBXContainerItemProxy */;
		};
		1B22D6902E4ED58000D80705 /* PBXTargetDependency */ = {
			isa = PBXTargetDependency;
			target = 1B22D6712E4ED57F00D80705 /* ClayAndFur */;
			targetProxy = 1B22D68F2E4ED58000D80705 /* PBXContainerItemProxy */;
		};
/* End PBXTargetDependency section */

/* Begin XCBuildConfiguration section */
		1B22D6962E4ED58000D80705 /* Debug */ = {
			isa = XCBuildConfiguration;
			buildSettings = {
				ALWAYS_SEARCH_USER_PATHS = NO;
				ASSETCATALOG_COMPILER_GENERATE_SWIFT_ASSET_SYMBOL_EXTENSIONS = YES;
				CLANG_ANALYZER_NONNULL = YES;
				CLANG_ANALYZER_NUMBER_OBJECT_CONVERSION = YES_AGGRESSIVE;
				CLANG_CXX_LANGUAGE_STANDARD = "gnu++20";
				CLANG_ENABLE_MODULES = YES;
				CLANG_ENABLE_OBJC_ARC = YES;
				CLANG_ENABLE_OBJC_WEAK = YES;
				CLANG_WARN_BLOCK_CAPTURE_AUTORELEASING = YES;
				CLANG_WARN_BOOL_CONVERSION = YES;
				CLANG_WARN_COMMA = YES;
				CLANG_WARN_CONSTANT_CONVERSION = YES;
				CLANG_WARN_DEPRECATED_OBJC_IMPLEMENTATIONS = YES;
				CLANG_WARN_DIRECT_OBJC_ISA_USAGE = YES_ERROR;
				CLANG_WARN_DOCUMENTATION_COMMENTS = YES;
				CLANG_WARN_EMPTY_BODY = YES;
				CLANG_WARN_ENUM_CONVERSION = YES;
				CLANG_WARN_INFINITE_RECURSION = YES;
				CLANG_WARN_INT_CONVERSION = YES;
				CLANG_WARN_NON_LITERAL_NULL_CONVERSION = YES;
				CLANG_WARN_OBJC_IMPLICIT_RETAIN_SELF = YES;
				CLANG_WARN_OBJC_LITERAL_CONVERSION = YES;
				CLANG_WARN_OBJC_ROOT_CLASS = YES_ERROR;
				CLANG_WARN_QUOTED_INCLUDE_IN_FRAMEWORK_HEADER = YES;
				CLANG_WARN_RANGE_LOOP_ANALYSIS = YES;
				CLANG_WARN_STRICT_PROTOTYPES = YES;
				CLANG_WARN_SUSPICIOUS_MOVE = YES;
				CLANG_WARN_UNGUARDED_AVAILABILITY = YES_AGGRESSIVE;
				CLANG_WARN_UNREACHABLE_CODE = YES;
				CLANG_WARN__DUPLICATE_METHOD_MATCH = YES;
				COPY_PHASE_STRIP = NO;
				DEBUG_INFORMATION_FORMAT = dwarf;
				ENABLE_STRICT_OBJC_MSGSEND = YES;
				ENABLE_TESTABILITY = YES;
				ENABLE_USER_SCRIPT_SANDBOXING = YES;
				GCC_C_LANGUAGE_STANDARD = gnu17;
				GCC_DYNAMIC_NO_PIC = NO;
				GCC_NO_COMMON_BLOCKS = YES;
				GCC_OPTIMIZATION_LEVEL = 0;
				GCC_PREPROCESSOR_DEFINITIONS = (
					"DEBUG=1",
					"$(inherited)",
				);
				GCC_WARN_64_TO_32_BIT_CONVERSION = YES;
				GCC_WARN_ABOUT_RETURN_TYPE = YES_ERROR;
				GCC_WARN_UNDECLARED_SELECTOR = YES;
				GCC_WARN_UNINITIALIZED_AUTOS = YES_AGGRESSIVE;
				GCC_WARN_UNUSED_FUNCTION = YES;
				GCC_WARN_UNUSED_VARIABLE = YES;
				IPHONEOS_DEPLOYMENT_TARGET = 17.5;
				LOCALIZATION_PREFERS_STRING_CATALOGS = YES;
				MTL_ENABLE_DEBUG_INFO = INCLUDE_SOURCE;
				MTL_FAST_MATH = YES;
				ONLY_ACTIVE_ARCH = YES;
				SDKROOT = iphoneos;
				SWIFT_ACTIVE_COMPILATION_CONDITIONS = "DEBUG $(inherited)";
				SWIFT_OPTIMIZATION_LEVEL = "-Onone";
			};
			name = Debug;
		};
		1B22D6972E4ED58000D80705 /* Release */ = {
			isa = XCBuildConfiguration;
			buildSettings = {
				ALWAYS_SEARCH_USER_PATHS = NO;
				ASSETCATALOG_COMPILER_GENERATE_SWIFT_ASSET_SYMBOL_EXTENSIONS = YES;
				CLANG_ANALYZER_NONNULL = YES;
				CLANG_ANALYZER_NUMBER_OBJECT_CONVERSION = YES_AGGRESSIVE;
				CLANG_CXX_LANGUAGE_STANDARD = "gnu++20";
				CLANG_ENABLE_MODULES = YES;
				CLANG_ENABLE_OBJC_ARC = YES;
				CLANG_ENABLE_OBJC_WEAK = YES;
				CLANG_WARN_BLOCK_CAPTURE_AUTORELEASING = YES;
				CLANG_WARN_BOOL_CONVERSION = YES;
				CLANG_WARN_COMMA = YES;
				CLANG_WARN_CONSTANT_CONVERSION = YES;
				CLANG_WARN_DEPRECATED_OBJC_IMPLEMENTATIONS = YES;
				CLANG_WARN_DIRECT_OBJC_ISA_USAGE = YES_ERROR;
				CLANG_WARN_DOCUMENTATION_COMMENTS = YES;
				CLANG_WARN_EMPTY_BODY = YES;
				CLANG_WARN_ENUM_CONVERSION = YES;
				CLANG_WARN_INFINITE_RECURSION = YES;
				CLANG_WARN_INT_CONVERSION = YES;
				CLANG_WARN_NON_LITERAL_NULL_CONVERSION = YES;
				CLANG_WARN_OBJC_IMPLICIT_RETAIN_SELF = YES;
				CLANG_WARN_OBJC_LITERAL_CONVERSION = YES;
				CLANG_WARN_OBJC_ROOT_CLASS = YES_ERROR;
				CLANG_WARN_QUOTED_INCLUDE_IN_FRAMEWORK_HEADER = YES;
				CLANG_WARN_RANGE_LOOP_ANALYSIS = YES;
				CLANG_WARN_STRICT_PROTOTYPES = YES;
				CLANG_WARN_SUSPICIOUS_MOVE = YES;
				CLANG_WARN_UNGUARDED_AVAILABILITY = YES_AGGRESSIVE;
				CLANG_WARN_UNREACHABLE_CODE = YES;
				CLANG_WARN__DUPLICATE_METHOD_MATCH = YES;
				COPY_PHASE_STRIP = NO;
				DEBUG_INFORMATION_FORMAT = "dwarf-with-dsym";
				ENABLE_NS_ASSERTIONS = NO;
				ENABLE_STRICT_OBJC_MSGSEND = YES;
				ENABLE_USER_SCRIPT_SANDBOXING = YES;
				GCC_C_LANGUAGE_STANDARD = gnu17;
				GCC_NO_COMMON_BLOCKS = YES;
				GCC_WARN_64_TO_32_BIT_CONVERSION = YES;
				GCC_WARN_ABOUT_RETURN_TYPE = YES_ERROR;
				GCC_WARN_UNDECLARED_SELECTOR = YES;
				GCC_WARN_UNINITIALIZED_AUTOS = YES_AGGRESSIVE;
				GCC_WARN_UNUSED_FUNCTION = YES;
				GCC_WARN_UNUSED_VARIABLE = YES;
				IPHONEOS_DEPLOYMENT_TARGET = 17.5;
				LOCALIZATION_PREFERS_STRING_CATALOGS = YES;
				MTL_ENABLE_DEBUG_INFO = NO;
				MTL_FAST_MATH = YES;
				SDKROOT = iphoneos;
				SWIFT_COMPILATION_MODE = wholemodule;
				VALIDATE_PRODUCT = YES;
			};
			name = Release;
		};
		1B22D6992E4ED58000D80705 /* Debug */ = {
			isa = XCBuildConfiguration;
			buildSettings = {
				ASSETCATALOG_COMPILER_APPICON_NAME = AppIcon;
				ASSETCATALOG_COMPILER_GLOBAL_ACCENT_COLOR_NAME = AccentColor;
				CODE_SIGN_STYLE = Automatic;
				CURRENT_PROJECT_VERSION = 1;
				DEVELOPMENT_ASSET_PATHS = "\"ClayAndFur/Preview Content\"";
				DEVELOPMENT_TEAM = LLV9A3432Y;
				ENABLE_PREVIEWS = YES;
				GENERATE_INFOPLIST_FILE = YES;
				INFOPLIST_KEY_NSCameraUsageDescription = "Clay and Fur needs access to your camera to take photos of your pottery pieces at different stages of creation.";
				INFOPLIST_KEY_NSPhotoLibraryUsageDescription = "Clay and Fur needs access to your photo library to let you select existing photos of your pottery pieces.";
				INFOPLIST_KEY_UIApplicationSceneManifest_Generation = YES;
				INFOPLIST_KEY_UIApplicationSupportsIndirectInputEvents = YES;
				INFOPLIST_KEY_UILaunchScreen_Generation = YES;
				INFOPLIST_KEY_UISupportedInterfaceOrientations_iPad = "UIInterfaceOrientationPortrait UIInterfaceOrientationPortraitUpsideDown UIInterfaceOrientationLandscapeLeft UIInterfaceOrientationLandscapeRight";
				INFOPLIST_KEY_UISupportedInterfaceOrientations_iPhone = "UIInterfaceOrientationPortrait UIInterfaceOrientationLandscapeLeft UIInterfaceOrientationLandscapeRight";
				LD_RUNPATH_SEARCH_PATHS = (
					"$(inherited)",
					"@executable_path/Frameworks",
				);
				MARKETING_VERSION = 1.0;
				PRODUCT_BUNDLE_IDENTIFIER = com.lusun.ClayAndFur;
				PRODUCT_NAME = "$(TARGET_NAME)";
				SWIFT_EMIT_LOC_STRINGS = YES;
				SWIFT_VERSION = 5.0;
				TARGETED_DEVICE_FAMILY = "1,2";
			};
			name = Debug;
		};
		1B22D69A2E4ED58000D80705 /* Release */ = {
			isa = XCBuildConfiguration;
			buildSettings = {
				ASSETCATALOG_COMPILER_APPICON_NAME = AppIcon;
				ASSETCATALOG_COMPILER_GLOBAL_ACCENT_COLOR_NAME = AccentColor;
				CODE_SIGN_STYLE = Automatic;
				CURRENT_PROJECT_VERSION = 1;
				DEVELOPMENT_ASSET_PATHS = "\"ClayAndFur/Preview Content\"";
				DEVELOPMENT_TEAM = LLV9A3432Y;
				ENABLE_PREVIEWS = YES;
				GENERATE_INFOPLIST_FILE = YES;
				INFOPLIST_KEY_NSCameraUsageDescription = "Clay and Fur needs access to your camera to take photos of your pottery pieces at different stages of creation.";
				INFOPLIST_KEY_NSPhotoLibraryUsageDescription = "Clay and Fur needs access to your photo library to let you select existing photos of your pottery pieces.";
				INFOPLIST_KEY_UIApplicationSceneManifest_Generation = YES;
				INFOPLIST_KEY_UIApplicationSupportsIndirectInputEvents = YES;
				INFOPLIST_KEY_UILaunchScreen_Generation = YES;
				INFOPLIST_KEY_UISupportedInterfaceOrientations_iPad = "UIInterfaceOrientationPortrait UIInterfaceOrientationPortraitUpsideDown UIInterfaceOrientationLandscapeLeft UIInterfaceOrientationLandscapeRight";
				INFOPLIST_KEY_UISupportedInterfaceOrientations_iPhone = "UIInterfaceOrientationPortrait UIInterfaceOrientationLandscapeLeft UIInterfaceOrientationLandscapeRight";
				LD_RUNPATH_SEARCH_PATHS = (
					"$(inherited)",
					"@executable_path/Frameworks",
				);
				MARKETING_VERSION = 1.0;
				PRODUCT_BUNDLE_IDENTIFIER = com.lusun.ClayAndFur;
				PRODUCT_NAME = "$(TARGET_NAME)";
				SWIFT_EMIT_LOC_STRINGS = YES;
				SWIFT_VERSION = 5.0;
				TARGETED_DEVICE_FAMILY = "1,2";
			};
			name = Release;
		};
		1B22D69C2E4ED58000D80705 /* Debug */ = {
			isa = XCBuildConfiguration;
			buildSettings = {
				ALWAYS_EMBED_SWIFT_STANDARD_LIBRARIES = YES;
				BUNDLE_LOADER = "$(TEST_HOST)";
				CODE_SIGN_STYLE = Automatic;
				CURRENT_PROJECT_VERSION = 1;
				DEVELOPMENT_TEAM = LLV9A3432Y;
				GENERATE_INFOPLIST_FILE = YES;
				IPHONEOS_DEPLOYMENT_TARGET = 17.5;
				MARKETING_VERSION = 1.0;
				PRODUCT_BUNDLE_IDENTIFIER = com.lusun.ClayAndFurTests;
				PRODUCT_NAME = "$(TARGET_NAME)";
				SWIFT_EMIT_LOC_STRINGS = NO;
				SWIFT_VERSION = 5.0;
				TARGETED_DEVICE_FAMILY = "1,2";
				TEST_HOST = "$(BUILT_PRODUCTS_DIR)/ClayAndFur.app/$(BUNDLE_EXECUTABLE_FOLDER_PATH)/ClayAndFur";
			};
			name = Debug;
		};
		1B22D69D2E4ED58000D80705 /* Release */ = {
			isa = XCBuildConfiguration;
			buildSettings = {
				ALWAYS_EMBED_SWIFT_STANDARD_LIBRARIES = YES;
				BUNDLE_LOADER = "$(TEST_HOST)";
				CODE_SIGN_STYLE = Automatic;
				CURRENT_PROJECT_VERSION = 1;
				DEVELOPMENT_TEAM = LLV9A3432Y;
				GENERATE_INFOPLIST_FILE = YES;
				IPHONEOS_DEPLOYMENT_TARGET = 17.5;
				MARKETING_VERSION = 1.0;
				PRODUCT_BUNDLE_IDENTIFIER = com.lusun.ClayAndFurTests;
				PRODUCT_NAME = "$(TARGET_NAME)";
				SWIFT_EMIT_LOC_STRINGS = NO;
				SWIFT_VERSION = 5.0;
				TARGETED_DEVICE_FAMILY = "1,2";
				TEST_HOST = "$(BUILT_PRODUCTS_DIR)/ClayAndFur.app/$(BUNDLE_EXECUTABLE_FOLDER_PATH)/ClayAndFur";
			};
			name = Release;
		};
		1B22D69F2E4ED58000D80705 /* Debug */ = {
			isa = XCBuildConfiguration;
			buildSettings = {
				ALWAYS_EMBED_SWIFT_STANDARD_LIBRARIES = YES;
				CODE_SIGN_STYLE = Automatic;
				CURRENT_PROJECT_VERSION = 1;
				DEVELOPMENT_TEAM = LLV9A3432Y;
				GENERATE_INFOPLIST_FILE = YES;
				MARKETING_VERSION = 1.0;
				PRODUCT_BUNDLE_IDENTIFIER = com.lusun.ClayAndFurUITests;
				PRODUCT_NAME = "$(TARGET_NAME)";
				SWIFT_EMIT_LOC_STRINGS = NO;
				SWIFT_VERSION = 5.0;
				TARGETED_DEVICE_FAMILY = "1,2";
				TEST_TARGET_NAME = ClayAndFur;
			};
			name = Debug;
		};
		1B22D6A02E4ED58000D80705 /* Release */ = {
			isa = XCBuildConfiguration;
			buildSettings = {
				ALWAYS_EMBED_SWIFT_STANDARD_LIBRARIES = YES;
				CODE_SIGN_STYLE = Automatic;
				CURRENT_PROJECT_VERSION = 1;
				DEVELOPMENT_TEAM = LLV9A3432Y;
				GENERATE_INFOPLIST_FILE = YES;
				MARKETING_VERSION = 1.0;
				PRODUCT_BUNDLE_IDENTIFIER = com.lusun.ClayAndFurUITests;
				PRODUCT_NAME = "$(TARGET_NAME)";
				SWIFT_EMIT_LOC_STRINGS = NO;
				SWIFT_VERSION = 5.0;
				TARGETED_DEVICE_FAMILY = "1,2";
				TEST_TARGET_NAME = ClayAndFur;
			};
			name = Release;
		};
/* End XCBuildConfiguration section */

/* Begin XCConfigurationList section */
		1B22D66D2E4ED57F00D80705 /* Build configuration list for PBXProject "ClayAndFur" */ = {
			isa = XCConfigurationList;
			buildConfigurations = (
				1B22D6962E4ED58000D80705 /* Debug */,
				1B22D6972E4ED58000D80705 /* Release */,
			);
			defaultConfigurationIsVisible = 0;
			defaultConfigurationName = Release;
		};
		1B22D6982E4ED58000D80705 /* Build configuration list for PBXNativeTarget "ClayAndFur" */ = {
			isa = XCConfigurationList;
			buildConfigurations = (
				1B22D6992E4ED58000D80705 /* Debug */,
				1B22D69A2E4ED58000D80705 /* Release */,
			);
			defaultConfigurationIsVisible = 0;
			defaultConfigurationName = Release;
		};
		1B22D69B2E4ED58000D80705 /* Build configuration list for PBXNativeTarget "ClayAndFurTests" */ = {
			isa = XCConfigurationList;
			buildConfigurations = (
				1B22D69C2E4ED58000D80705 /* Debug */,
				1B22D69D2E4ED58000D80705 /* Release */,
			);
			defaultConfigurationIsVisible = 0;
			defaultConfigurationName = Release;
		};
		1B22D69E2E4ED58000D80705 /* Build configuration list for PBXNativeTarget "ClayAndFurUITests" */ = {
			isa = XCConfigurationList;
			buildConfigurations = (
				1B22D69F2E4ED58000D80705 /* Debug */,
				1B22D6A02E4ED58000D80705 /* Release */,
			);
			defaultConfigurationIsVisible = 0;
			defaultConfigurationName = Release;
		};
/* End XCConfigurationList section */
	};
	rootObject = 1B22D66A2E4ED57F00D80705 /* Project object */;
}
